{
  "name": "ship",
  "version": "0.1.0",
  "lockfileVersion": 1,
  "requires": true,
  "dependencies": {
    "arcsecond": {
      "version": "2.0.3",
      "resolved": "https://registry.npmjs.org/arcsecond/-/arcsecond-2.0.3.tgz",
      "integrity": "sha512-dSEFt41ZZ97KjmRx4gZbzzKtgiSJcSxR2CvQ6608El67dVOfPr8aoYyQ74d85gPMRmt8mOGSbROsIWhgwpc+Hg=="
    }
  }
}
