{
  "name": "@djragsdale/ship-example",
  "requires": true,
  "lockfileVersion": 1,
  "dependencies": {
    "@djragsdale/ship": {
      "version": "0.1.1",
      "resolved": "https://npm.pkg.github.com/download/@djragsdale/ship/0.1.1/9dccd0149d4fef34d0b08067365c42b0c6c14f7389cf1a74be6984603149e15b",
      "integrity": "sha512-FFFBnsXRujrw6rni4Xx5jw1jMm7JlL6vP/9t1xnOnqRyoG+fyYqcfb945r1WEE2AszwmAY2NoXYIat34u3/Rbw==",
      "requires": {
        "arcsecond": "^2.0.3"
      }
    },
    "arcsecond": {
      "version": "2.0.3",
      "resolved": "https://registry.npmjs.org/arcsecond/-/arcsecond-2.0.3.tgz",
      "integrity": "sha512-dSEFt41ZZ97KjmRx4gZbzzKtgiSJcSxR2CvQ6608El67dVOfPr8aoYyQ74d85gPMRmt8mOGSbROsIWhgwpc+Hg=="
    }
  }
}
